
Microsoft Visual Studio Solution File, Format Version 12.00
# Visual Studio Version 17
VisualStudioVersion = 17.12.35707.178 d17.12
MinimumVisualStudioVersion = 10.0.40219.1
Project("{FAE04EC0-301F-11D3-BF4B-00C04F79EFBC}") = "StealTheCatsFinal", "StealTheCatsFinal\StealTheCatsFinal.csproj", "{D6E5CDE7-9B6B-4745-BD5C-B8E06E7C4C54}"
EndProject
Project("{FAE04EC0-301F-11D3-BF4B-00C04F79EFBC}") = "StealTheCats.Data", "StealTheCats.Data\StealTheCats.Data.csproj", "{597E3161-6ACC-462A-988C-782B59EBA9D2}"
EndProject
Project("{FAE04EC0-301F-11D3-BF4B-00C04F79EFBC}") = "StealTheCats.Core", "StealTheCats.Core\StealTheCats.Core.csproj", "{A1734AF1-B799-466B-B525-DB904425A308}"
EndProject
Global
	GlobalSection(SolutionConfigurationPlatforms) = preSolution
		Debug|Any CPU = Debug|Any CPU
		Release|Any CPU = Release|Any CPU
	EndGlobalSection
	GlobalSection(ProjectConfigurationPlatforms) = postSolution
		{D6E5CDE7-9B6B-4745-BD5C-B8E06E7C4C54}.Debug|Any CPU.ActiveCfg = Debug|Any CPU
		{D6E5CDE7-9B6B-4745-BD5C-B8E06E7C4C54}.Debug|Any CPU.Build.0 = Debug|Any CPU
		{D6E5CDE7-9B6B-4745-BD5C-B8E06E7C4C54}.Release|Any CPU.ActiveCfg = Release|Any CPU
		{D6E5CDE7-9B6B-4745-BD5C-B8E06E7C4C54}.Release|Any CPU.Build.0 = Release|Any CPU
		{597E3161-6ACC-462A-988C-782B59EBA9D2}.Debug|Any CPU.ActiveCfg = Debug|Any CPU
		{597E3161-6ACC-462A-988C-782B59EBA9D2}.Debug|Any CPU.Build.0 = Debug|Any CPU
		{597E3161-6ACC-462A-988C-782B59EBA9D2}.Release|Any CPU.ActiveCfg = Release|Any CPU
		{597E3161-6ACC-462A-988C-782B59EBA9D2}.Release|Any CPU.Build.0 = Release|Any CPU
		{A1734AF1-B799-466B-B525-DB904425A308}.Debug|Any CPU.ActiveCfg = Debug|Any CPU
		{A1734AF1-B799-466B-B525-DB904425A308}.Debug|Any CPU.Build.0 = Debug|Any CPU
		{A1734AF1-B799-466B-B525-DB904425A308}.Release|Any CPU.ActiveCfg = Release|Any CPU
		{A1734AF1-B799-466B-B525-DB904425A308}.Release|Any CPU.Build.0 = Release|Any CPU
	EndGlobalSection
	GlobalSection(SolutionProperties) = preSolution
		HideSolutionNode = FALSE
	EndGlobalSection
EndGlobal
